# @generated - this file is auto-generated by `mise lock` https://mise.jdx.dev/dev-tools/mise-lock.html

lockfile_version = 2

[[tools."aqua:WebAssembly/binaryen"]]
version = "133"
backend = "aqua:WebAssembly/binaryen"
specifiers = ["133"]

[tools."aqua:WebAssembly/binaryen"."platforms.linux-x64"]
checksum = "sha256:2dc9c7813f5375db93d96ead4b78222fcc3e2677bbb832297af4797782a37489"
url = "https://github.com/WebAssembly/binaryen/releases/download/version_133/binaryen-version_133-x86_64-linux.tar.gz"
url_api = "https://api.github.com/repos/WebAssembly/binaryen/releases/assets/580050094"

[tools."aqua:WebAssembly/binaryen"."platforms.linux-x64-musl"]
checksum = "sha256:2dc9c7813f5375db93d96ead4b78222fcc3e2677bbb832297af4797782a37489"
url = "https://github.com/WebAssembly/binaryen/releases/download/version_133/binaryen-version_133-x86_64-linux.tar.gz"
url_api = "https://api.github.com/repos/WebAssembly/binaryen/releases/assets/580050094"

[tools."aqua:WebAssembly/binaryen"."platforms.macos-arm64"]
checksum = "sha256:ad66da82ac13f163e424b1643f16c6dfcccc98b5966296b43e52d3cab04f84a8"
url = "https://github.com/WebAssembly/binaryen/releases/download/version_133/binaryen-version_133-arm64-macos.tar.gz"
url_api = "https://api.github.com/repos/WebAssembly/binaryen/releases/assets/580039733"

[tools."aqua:WebAssembly/binaryen"."platforms.macos-x64"]
checksum = "sha256:13a9b90be775c6389ce3d1f879cb8627bea56708ba8c122983941d53a8199b95"
url = "https://github.com/WebAssembly/binaryen/releases/download/version_133/binaryen-version_133-x86_64-macos.tar.gz"
url_api = "https://api.github.com/repos/WebAssembly/binaryen/releases/assets/580039734"

[tools."aqua:WebAssembly/binaryen"."platforms.windows-x64"]
checksum = "sha256:17a2cbeac6b5693c5fbafab3838d3c65fd9c1eb38b05f5baec6c657e8c84995b"
url = "https://github.com/WebAssembly/binaryen/releases/download/version_133/binaryen-version_133-x86_64-windows.tar.gz"
url_api = "https://api.github.com/repos/WebAssembly/binaryen/releases/assets/580050907"

[[tools."http:wasi-sdk"]]
version = "34"
backend = "http:wasi-sdk"
specifiers = ["34"]

[tools."http:wasi-sdk"."platforms.linux-arm64"]
checksum = "sha256:f7e243dff54d60bcc576e94d6166b69f410f2500ae4a9ceef34315be10e77971"
url = "https://github.com/WebAssembly/wasi-sdk/releases/download/wasi-sdk-34/wasi-sdk-34.0-arm64-linux.tar.gz"

[tools."http:wasi-sdk"."platforms.linux-arm64-musl"]
checksum = "sha256:f7e243dff54d60bcc576e94d6166b69f410f2500ae4a9ceef34315be10e77971"
url = "https://github.com/WebAssembly/wasi-sdk/releases/download/wasi-sdk-34/wasi-sdk-34.0-arm64-linux.tar.gz"

[tools."http:wasi-sdk"."platforms.linux-x64"]
checksum = "sha256:b761e3a0721dbae9c09a0059e5fdb2bf917d1b4a8a7b430fb3b5aafb0984b2c4"
url = "https://github.com/WebAssembly/wasi-sdk/releases/download/wasi-sdk-34/wasi-sdk-34.0-x86_64-linux.tar.gz"

[tools."http:wasi-sdk"."platforms.linux-x64-musl"]
checksum = "sha256:b761e3a0721dbae9c09a0059e5fdb2bf917d1b4a8a7b430fb3b5aafb0984b2c4"
url = "https://github.com/WebAssembly/wasi-sdk/releases/download/wasi-sdk-34/wasi-sdk-34.0-x86_64-linux.tar.gz"

[tools."http:wasi-sdk"."platforms.macos-arm64"]
checksum = "sha256:9c59398106b417f8f14913380fdf0097a8cc0ff4af9eb3ce0065a859e88d49e9"
url = "https://github.com/WebAssembly/wasi-sdk/releases/download/wasi-sdk-34/wasi-sdk-34.0-arm64-macos.tar.gz"

[tools."http:wasi-sdk"."platforms.macos-x64"]
checksum = "sha256:87d27fa8adc68dee59bfbf2e22a6d34ef717c34d6bf1d8af2a56fc929d9ce0eb"
url = "https://github.com/WebAssembly/wasi-sdk/releases/download/wasi-sdk-34/wasi-sdk-34.0-x86_64-macos.tar.gz"

[[tools.shellcheck]]
version = "0.11.0"
backend = "aqua:koalaman/shellcheck"
specifiers = ["0.11.0"]

[tools.shellcheck."platforms.linux-arm64"]
checksum = "sha256:12b331c1d2db6b9eb13cfca64306b1b157a86eb69db83023e261eaa7e7c14588"
url = "https://github.com/koalaman/shellcheck/releases/download/v0.11.0/shellcheck-v0.11.0.linux.aarch64.tar.xz"
url_api = "https://api.github.com/repos/koalaman/shellcheck/releases/assets/279056934"

[tools.shellcheck."platforms.linux-arm64-musl"]
checksum = "sha256:12b331c1d2db6b9eb13cfca64306b1b157a86eb69db83023e261eaa7e7c14588"
url = "https://github.com/koalaman/shellcheck/releases/download/v0.11.0/shellcheck-v0.11.0.linux.aarch64.tar.xz"
url_api = "https://api.github.com/repos/koalaman/shellcheck/releases/assets/279056934"

[tools.shellcheck."platforms.linux-x64"]
checksum = "sha256:8c3be12b05d5c177a04c29e3c78ce89ac86f1595681cab149b65b97c4e227198"
url = "https://github.com/koalaman/shellcheck/releases/download/v0.11.0/shellcheck-v0.11.0.linux.x86_64.tar.xz"
url_api = "https://api.github.com/repos/koalaman/shellcheck/releases/assets/279056942"

[tools.shellcheck."platforms.linux-x64-musl"]
checksum = "sha256:8c3be12b05d5c177a04c29e3c78ce89ac86f1595681cab149b65b97c4e227198"
url = "https://github.com/koalaman/shellcheck/releases/download/v0.11.0/shellcheck-v0.11.0.linux.x86_64.tar.xz"
url_api = "https://api.github.com/repos/koalaman/shellcheck/releases/assets/279056942"

[tools.shellcheck."platforms.macos-arm64"]
checksum = "sha256:56affdd8de5527894dca6dc3d7e0a99a873b0f004d7aabc30ae407d3f48b0a79"
url = "https://github.com/koalaman/shellcheck/releases/download/v0.11.0/shellcheck-v0.11.0.darwin.aarch64.tar.xz"
url_api = "https://api.github.com/repos/koalaman/shellcheck/releases/assets/279056932"

[tools.shellcheck."platforms.macos-x64"]
checksum = "sha256:3c89db4edcab7cf1c27bff178882e0f6f27f7afdf54e859fa041fca10febe4c6"
url = "https://github.com/koalaman/shellcheck/releases/download/v0.11.0/shellcheck-v0.11.0.darwin.x86_64.tar.xz"
url_api = "https://api.github.com/repos/koalaman/shellcheck/releases/assets/279056930"

[tools.shellcheck."platforms.windows-x64"]
checksum = "sha256:8a4e35ab0b331c85d73567b12f2a444df187f483e5079ceffa6bda1faa2e740e"
url = "https://github.com/koalaman/shellcheck/releases/download/v0.11.0/shellcheck-v0.11.0.zip"
url_api = "https://api.github.com/repos/koalaman/shellcheck/releases/assets/279056944"

[[tools.wasmtime]]
version = "49.0.1"
backend = "aqua:bytecodealliance/wasmtime"
specifiers = ["49.0.1"]

[tools.wasmtime."platforms.linux-arm64"]
checksum = "sha256:7607529c40fed69c0f5d2a6fafa8c560b9e3c18ded31d8f1b13098afe49b7480"
url = "https://github.com/bytecodealliance/wasmtime/releases/download/v49.0.1/wasmtime-v49.0.1-aarch64-linux.tar.xz"
url_api = "https://api.github.com/repos/bytecodealliance/wasmtime/releases/assets/586652660"
provenance = "github-attestations"

[tools.wasmtime."platforms.linux-arm64-musl"]
checksum = "sha256:7607529c40fed69c0f5d2a6fafa8c560b9e3c18ded31d8f1b13098afe49b7480"
url = "https://github.com/bytecodealliance/wasmtime/releases/download/v49.0.1/wasmtime-v49.0.1-aarch64-linux.tar.xz"
url_api = "https://api.github.com/repos/bytecodealliance/wasmtime/releases/assets/586652660"
provenance = "github-attestations"

[tools.wasmtime."platforms.linux-x64"]
checksum = "sha256:c71f7e0d30a92e418f0d17db7c6d8f6664c1ad764340a1278678f4209deab534"
url = "https://github.com/bytecodealliance/wasmtime/releases/download/v49.0.1/wasmtime-v49.0.1-x86_64-linux.tar.xz"
url_api = "https://api.github.com/repos/bytecodealliance/wasmtime/releases/assets/586652915"
provenance = "github-attestations"

[tools.wasmtime."platforms.linux-x64-musl"]
checksum = "sha256:c71f7e0d30a92e418f0d17db7c6d8f6664c1ad764340a1278678f4209deab534"
url = "https://github.com/bytecodealliance/wasmtime/releases/download/v49.0.1/wasmtime-v49.0.1-x86_64-linux.tar.xz"
url_api = "https://api.github.com/repos/bytecodealliance/wasmtime/releases/assets/586652915"
provenance = "github-attestations"

[tools.wasmtime."platforms.macos-arm64"]
checksum = "sha256:93dde14d4efb20046e5af75517ac6a7f2246f6c2370fecff8f68839d4a9028f7"
url = "https://github.com/bytecodealliance/wasmtime/releases/download/v49.0.1/wasmtime-v49.0.1-aarch64-macos.tar.xz"
url_api = "https://api.github.com/repos/bytecodealliance/wasmtime/releases/assets/586652711"
provenance = "github-attestations"

[tools.wasmtime."platforms.macos-x64"]
checksum = "sha256:56355136c4eaba17ef50b0e35e9774e25950333ba007c2a29c45d0906600e827"
url = "https://github.com/bytecodealliance/wasmtime/releases/download/v49.0.1/wasmtime-v49.0.1-x86_64-macos.tar.xz"
url_api = "https://api.github.com/repos/bytecodealliance/wasmtime/releases/assets/586652965"
provenance = "github-attestations"

[tools.wasmtime."platforms.windows-x64"]
checksum = "sha256:db0dd3dd77696fa189b08e256a50ddbe46d10a4d1e6c862d8d268ad0abc8c2c1"
url = "https://github.com/bytecodealliance/wasmtime/releases/download/v49.0.1/wasmtime-v49.0.1-x86_64-windows.zip"
url_api = "https://api.github.com/repos/bytecodealliance/wasmtime/releases/assets/586653070"
provenance = "github-attestations"
