# @generated - this file is auto-generated by `mise lock` https://mise.jdx.dev/dev-tools/mise-lock.html

lockfile_version = 3

[[tools.binaryen]]
version = "133"
backend = "aqua:WebAssembly/binaryen"
specifiers = ["133"]

[tools.binaryen."platforms.linux-x64"]
checksum = "sha256:2dc9c7813f5375db93d96ead4b78222fcc3e2677bbb832297af4797782a37489"
url = "https://github.com/WebAssembly/binaryen/releases/download/version_133/binaryen-version_133-x86_64-linux.tar.gz"
url_api = "https://api.github.com/repos/WebAssembly/binaryen/releases/assets/580050094"

[tools.binaryen."platforms.macos-arm64"]
checksum = "sha256:ad66da82ac13f163e424b1643f16c6dfcccc98b5966296b43e52d3cab04f84a8"
url = "https://github.com/WebAssembly/binaryen/releases/download/version_133/binaryen-version_133-arm64-macos.tar.gz"
url_api = "https://api.github.com/repos/WebAssembly/binaryen/releases/assets/580039733"

[tools.binaryen."platforms.macos-x64"]
checksum = "sha256:13a9b90be775c6389ce3d1f879cb8627bea56708ba8c122983941d53a8199b95"
url = "https://github.com/WebAssembly/binaryen/releases/download/version_133/binaryen-version_133-x86_64-macos.tar.gz"
url_api = "https://api.github.com/repos/WebAssembly/binaryen/releases/assets/580039734"

[[tools.shellcheck]]
version = "0.11.0"
backend = "aqua:koalaman/shellcheck"
specifiers = ["0.11.0"]

[tools.shellcheck."platforms.linux-arm64"]
checksum = "sha256:12b331c1d2db6b9eb13cfca64306b1b157a86eb69db83023e261eaa7e7c14588"
url = "https://github.com/koalaman/shellcheck/releases/download/v0.11.0/shellcheck-v0.11.0.linux.aarch64.tar.xz"
url_api = "https://api.github.com/repos/koalaman/shellcheck/releases/assets/279056934"

[tools.shellcheck."platforms.linux-x64"]
checksum = "sha256:8c3be12b05d5c177a04c29e3c78ce89ac86f1595681cab149b65b97c4e227198"
url = "https://github.com/koalaman/shellcheck/releases/download/v0.11.0/shellcheck-v0.11.0.linux.x86_64.tar.xz"
url_api = "https://api.github.com/repos/koalaman/shellcheck/releases/assets/279056942"

[tools.shellcheck."platforms.macos-arm64"]
checksum = "sha256:56affdd8de5527894dca6dc3d7e0a99a873b0f004d7aabc30ae407d3f48b0a79"
url = "https://github.com/koalaman/shellcheck/releases/download/v0.11.0/shellcheck-v0.11.0.darwin.aarch64.tar.xz"
url_api = "https://api.github.com/repos/koalaman/shellcheck/releases/assets/279056932"

[tools.shellcheck."platforms.macos-x64"]
checksum = "sha256:3c89db4edcab7cf1c27bff178882e0f6f27f7afdf54e859fa041fca10febe4c6"
url = "https://github.com/koalaman/shellcheck/releases/download/v0.11.0/shellcheck-v0.11.0.darwin.x86_64.tar.xz"
url_api = "https://api.github.com/repos/koalaman/shellcheck/releases/assets/279056930"

[[tools.wasi-sdk]]
version = "34"
backend = "github:WebAssembly/wasi-sdk"
specifiers = ["34"]

[tools.wasi-sdk.options]
version_prefix = "wasi-sdk-"

[tools.wasi-sdk."platforms.linux-arm64"]
checksum = "sha256:f7e243dff54d60bcc576e94d6166b69f410f2500ae4a9ceef34315be10e77971"
url = "https://github.com/WebAssembly/wasi-sdk/releases/download/wasi-sdk-34/wasi-sdk-34.0-arm64-linux.tar.gz"
url_api = "https://api.github.com/repos/WebAssembly/wasi-sdk/releases/assets/528366381"

[tools.wasi-sdk."platforms.linux-x64"]
checksum = "sha256:b761e3a0721dbae9c09a0059e5fdb2bf917d1b4a8a7b430fb3b5aafb0984b2c4"
url = "https://github.com/WebAssembly/wasi-sdk/releases/download/wasi-sdk-34/wasi-sdk-34.0-x86_64-linux.tar.gz"
url_api = "https://api.github.com/repos/WebAssembly/wasi-sdk/releases/assets/528366474"

[tools.wasi-sdk."platforms.macos-arm64"]
checksum = "sha256:9c59398106b417f8f14913380fdf0097a8cc0ff4af9eb3ce0065a859e88d49e9"
url = "https://github.com/WebAssembly/wasi-sdk/releases/download/wasi-sdk-34/wasi-sdk-34.0-arm64-macos.tar.gz"
url_api = "https://api.github.com/repos/WebAssembly/wasi-sdk/releases/assets/528366387"

[tools.wasi-sdk."platforms.macos-x64"]
checksum = "sha256:87d27fa8adc68dee59bfbf2e22a6d34ef717c34d6bf1d8af2a56fc929d9ce0eb"
url = "https://github.com/WebAssembly/wasi-sdk/releases/download/wasi-sdk-34/wasi-sdk-34.0-x86_64-macos.tar.gz"
url_api = "https://api.github.com/repos/WebAssembly/wasi-sdk/releases/assets/528366482"

[[tools.wasmtime]]
version = "49.0.2"
backend = "aqua:bytecodealliance/wasmtime"
specifiers = ["49.0.2"]

[tools.wasmtime."platforms.linux-arm64"]
checksum = "sha256:ca14988c6da3d92512bd9c3bad6cbd06b1f5743b6911a9e709f1a6fa30637d7f"
url = "https://github.com/bytecodealliance/wasmtime/releases/download/v49.0.2/wasmtime-v49.0.2-aarch64-linux.tar.xz"
url_api = "https://api.github.com/repos/bytecodealliance/wasmtime/releases/assets/606056495"
provenance = "github-attestations"

[tools.wasmtime."platforms.linux-x64"]
checksum = "sha256:a4d6e9e3a5a60f527cf7793d674c48930c80c2e8977995b8a275cad3254b9322"
url = "https://github.com/bytecodealliance/wasmtime/releases/download/v49.0.2/wasmtime-v49.0.2-x86_64-linux.tar.xz"
url_api = "https://api.github.com/repos/bytecodealliance/wasmtime/releases/assets/606056679"
provenance = "github-attestations"

[tools.wasmtime."platforms.macos-arm64"]
checksum = "sha256:ea5a79261caa39819b863fd850879428cf90548353e1e5cf9bcbcc4e7addf2c1"
url = "https://github.com/bytecodealliance/wasmtime/releases/download/v49.0.2/wasmtime-v49.0.2-aarch64-macos.tar.xz"
url_api = "https://api.github.com/repos/bytecodealliance/wasmtime/releases/assets/606056519"
provenance = "github-attestations"

[tools.wasmtime."platforms.macos-x64"]
checksum = "sha256:b24513efff6a5dbeb196e2a01097ba632a8b0ea1563ba297ada26ceb3aa067d9"
url = "https://github.com/bytecodealliance/wasmtime/releases/download/v49.0.2/wasmtime-v49.0.2-x86_64-macos.tar.xz"
url_api = "https://api.github.com/repos/bytecodealliance/wasmtime/releases/assets/606056715"
provenance = "github-attestations"
